
Microsoft Visual Studio Solution File, Format Version 12.00
Project("{FAE04EC0-301F-11D3-BF4B-00C04F79EFBC}") = "squidlyMail", "squidlyMail\squidlyMail.csproj", "{00C2E67A-8867-42B7-9A5A-10208D74A98A}"
EndProject
Global
	GlobalSection(SolutionConfigurationPlatforms) = preSolution
		Debug|Any CPU = Debug|Any CPU
		Release|Any CPU = Release|Any CPU
	EndGlobalSection
	GlobalSection(ProjectConfigurationPlatforms) = postSolution
		{00C2E67A-8867-42B7-9A5A-10208D74A98A}.Debug|Any CPU.ActiveCfg = Debug|Any CPU
		{00C2E67A-8867-42B7-9A5A-10208D74A98A}.Debug|Any CPU.Build.0 = Debug|Any CPU
		{00C2E67A-8867-42B7-9A5A-10208D74A98A}.Release|Any CPU.ActiveCfg = Release|Any CPU
		{00C2E67A-8867-42B7-9A5A-10208D74A98A}.Release|Any CPU.Build.0 = Release|Any CPU
	EndGlobalSection
EndGlobal
